{
  "name": "vanilla-functions",
  "version": "1.0.0",
  "lockfileVersion": 1,
  "requires": true,
  "dependencies": {
    "@now/node": {
      "version": "1.2.0",
      "resolved": "https://registry.npmjs.org/@now/node/-/node-1.2.0.tgz",
      "integrity": "sha512-Opa2zADScP524xinCnfIug/8DzrXvNZhI6eUVPHBcnSxsRgVQphhUop9l3gRvepT77tfe1yuL3IsKUdTN51oOA==",
      "requires": {
        "@types/node": "*"
      }
    },
    "@types/node": {
      "version": "12.12.12",
      "resolved": "https://registry.npmjs.org/@types/node/-/node-12.12.12.tgz",
      "integrity": "sha512-MGuvYJrPU0HUwqF7LqvIj50RZUX23Z+m583KBygKYUZLlZ88n6w28XRNJRJgsHukLEnLz6w6SvxZoLgbr5wLqQ=="
    }
  }
}
